
Microsoft Visual Studio Solution File, Format Version 12.00
# Visual Studio Version 17
VisualStudioVersion = 17.9.34902.65
MinimumVisualStudioVersion = 10.0.40219.1
Project("{9A19103F-16F7-4668-BE54-9A1E7A4F7556}") = "Repositories", "Repositories\Repositories.csproj", "{36BBCDB1-D001-4183-813B-DA9ABDF3393F}"
EndProject
Project("{9A19103F-16F7-4668-BE54-9A1E7A4F7556}") = "Services", "Services\Services.csproj", "{69EEADFA-11B1-49A3-AFF7-6F46AA237502}"
EndProject
Project("{FAE04EC0-301F-11D3-BF4B-00C04F79EFBC}") = "KahootTeamRealTime", "KahootTeamRealTime\KahootTeamRealTime.csproj", "{970C81B7-69FF-4134-911C-8180E9AF154B}"
EndProject
Global
	GlobalSection(SolutionConfigurationPlatforms) = preSolution
		Debug|Any CPU = Debug|Any CPU
		Release|Any CPU = Release|Any CPU
	EndGlobalSection
	GlobalSection(ProjectConfigurationPlatforms) = postSolution
		{36BBCDB1-D001-4183-813B-DA9ABDF3393F}.Debug|Any CPU.ActiveCfg = Debug|Any CPU
		{36BBCDB1-D001-4183-813B-DA9ABDF3393F}.Debug|Any CPU.Build.0 = Debug|Any CPU
		{36BBCDB1-D001-4183-813B-DA9ABDF3393F}.Release|Any CPU.ActiveCfg = Release|Any CPU
		{36BBCDB1-D001-4183-813B-DA9ABDF3393F}.Release|Any CPU.Build.0 = Release|Any CPU
		{69EEADFA-11B1-49A3-AFF7-6F46AA237502}.Debug|Any CPU.ActiveCfg = Debug|Any CPU
		{69EEADFA-11B1-49A3-AFF7-6F46AA237502}.Debug|Any CPU.Build.0 = Debug|Any CPU
		{69EEADFA-11B1-49A3-AFF7-6F46AA237502}.Release|Any CPU.ActiveCfg = Release|Any CPU
		{69EEADFA-11B1-49A3-AFF7-6F46AA237502}.Release|Any CPU.Build.0 = Release|Any CPU
		{970C81B7-69FF-4134-911C-8180E9AF154B}.Debug|Any CPU.ActiveCfg = Debug|Any CPU
		{970C81B7-69FF-4134-911C-8180E9AF154B}.Debug|Any CPU.Build.0 = Debug|Any CPU
		{970C81B7-69FF-4134-911C-8180E9AF154B}.Release|Any CPU.ActiveCfg = Release|Any CPU
		{970C81B7-69FF-4134-911C-8180E9AF154B}.Release|Any CPU.Build.0 = Release|Any CPU
	EndGlobalSection
	GlobalSection(SolutionProperties) = preSolution
		HideSolutionNode = FALSE
	EndGlobalSection
	GlobalSection(ExtensibilityGlobals) = postSolution
		SolutionGuid = {DCC27574-4DBA-4CD1-8035-83CDE7589C3C}
	EndGlobalSection
EndGlobal
